PODS:
  - ImageOpenTransition (0.1.2)

DEPENDENCIES:
  - ImageOpenTransition (from `../`)

EXTERNAL SOURCES:
  ImageOpenTransition:
    :path: ../

SPEC CHECKSUMS:
  ImageOpenTransition: 481a564205d762d60fe7f1d74d93846e00daffa6

PODFILE CHECKSUM: 5677fb9d53200bacf12dc692354313511ef77f76

COCOAPODS: 1.0.1
