PODS:
  - ImageOpenTransition (0.1.5)

DEPENDENCIES:
  - ImageOpenTransition (from `../`)

EXTERNAL SOURCES:
  ImageOpenTransition:
    :path: ../

SPEC CHECKSUMS:
  ImageOpenTransition: 2e93cb8f92267b50631af1037b13ddd87db6a43b

PODFILE CHECKSUM: 7f6616aeddedb9f4b9a62c76e4c5c56dba945552

COCOAPODS: 1.1.0.rc.2
